
Microsoft Visual Studio Solution File, Format Version 12.00
# Visual Studio Version 17
VisualStudioVersion = 17.14.36202.13
MinimumVisualStudioVersion = 10.0.40219.1
Project("{FAE04EC0-301F-11D3-BF4B-00C04F79EFBC}") = "Aula1_Fila", "EstruturaDeDados\Aula1_Fila.csproj", "{C9D4414A-CC8A-4953-AA38-638F4A6A3507}"
EndProject
Project("{FAE04EC0-301F-11D3-BF4B-00C04F79EFBC}") = "Recursividade", "Aula2\Recursividade.csproj", "{2F613181-613D-432B-9417-CB9CC7D05204}"
EndProject
Global
	GlobalSection(SolutionConfigurationPlatforms) = preSolution
		Debug|Any CPU = Debug|Any CPU
		Release|Any CPU = Release|Any CPU
	EndGlobalSection
	GlobalSection(ProjectConfigurationPlatforms) = postSolution
		{C9D4414A-CC8A-4953-AA38-638F4A6A3507}.Debug|Any CPU.ActiveCfg = Debug|Any CPU
		{C9D4414A-CC8A-4953-AA38-638F4A6A3507}.Debug|Any CPU.Build.0 = Debug|Any CPU
		{C9D4414A-CC8A-4953-AA38-638F4A6A3507}.Release|Any CPU.ActiveCfg = Release|Any CPU
		{C9D4414A-CC8A-4953-AA38-638F4A6A3507}.Release|Any CPU.Build.0 = Release|Any CPU
		{2F613181-613D-432B-9417-CB9CC7D05204}.Debug|Any CPU.ActiveCfg = Debug|Any CPU
		{2F613181-613D-432B-9417-CB9CC7D05204}.Debug|Any CPU.Build.0 = Debug|Any CPU
		{2F613181-613D-432B-9417-CB9CC7D05204}.Release|Any CPU.ActiveCfg = Release|Any CPU
		{2F613181-613D-432B-9417-CB9CC7D05204}.Release|Any CPU.Build.0 = Release|Any CPU
	EndGlobalSection
	GlobalSection(SolutionProperties) = preSolution
		HideSolutionNode = FALSE
	EndGlobalSection
	GlobalSection(ExtensibilityGlobals) = postSolution
		SolutionGuid = {33B4DE9F-070D-4788-9ECC-8738AB1E2503}
	EndGlobalSection
EndGlobal
